
Microsoft Visual Studio Solution File, Format Version 12.00
# Visual Studio Express 15 for Windows Desktop
VisualStudioVersion = 15.0.28307.1259
MinimumVisualStudioVersion = 10.0.40219.1
Project("{8BC9CEB8-8B4A-11D0-8D11-00A0C91BC942}") = "DAY5", "DAY5.vcxproj", "{8BE906C9-A2BF-4412-B535-72C94CC7639F}"
EndProject
Global
	GlobalSection(SolutionConfigurationPlatforms) = preSolution
		Debug|x64 = Debug|x64
		Debug|x86 = Debug|x86
		Release|x64 = Release|x64
		Release|x86 = Release|x86
	EndGlobalSection
	GlobalSection(ProjectConfigurationPlatforms) = postSolution
		{8BE906C9-A2BF-4412-B535-72C94CC7639F}.Debug|x64.ActiveCfg = Debug|x64
		{8BE906C9-A2BF-4412-B535-72C94CC7639F}.Debug|x64.Build.0 = Debug|x64
		{8BE906C9-A2BF-4412-B535-72C94CC7639F}.Debug|x86.ActiveCfg = Debug|Win32
		{8BE906C9-A2BF-4412-B535-72C94CC7639F}.Debug|x86.Build.0 = Debug|Win32
		{8BE906C9-A2BF-4412-B535-72C94CC7639F}.Release|x64.ActiveCfg = Release|x64
		{8BE906C9-A2BF-4412-B535-72C94CC7639F}.Release|x64.Build.0 = Release|x64
		{8BE906C9-A2BF-4412-B535-72C94CC7639F}.Release|x86.ActiveCfg = Release|Win32
		{8BE906C9-A2BF-4412-B535-72C94CC7639F}.Release|x86.Build.0 = Release|Win32
	EndGlobalSection
	GlobalSection(SolutionProperties) = preSolution
		HideSolutionNode = FALSE
	EndGlobalSection
	GlobalSection(ExtensibilityGlobals) = postSolution
		SolutionGuid = {B8544471-C12D-49FE-8DE4-7EB28B06BBB1}
	EndGlobalSection
EndGlobal
