<?xml version="1.0" encoding="utf-8"?>
<Project ToolsVersion="4.0" xmlns="http://schemas.microsoft.com/developer/msbuild/2003">
  <ItemGroup>
    <Filter Include="소스 파일">
      <UniqueIdentifier>{4FC737F1-C7A5-4376-A066-2A32D752A2FF}</UniqueIdentifier>
      <Extensions>cpp;c;cc;cxx;def;odl;idl;hpj;bat;asm;asmx</Extensions>
    </Filter>
    <Filter Include="헤더 파일">
      <UniqueIdentifier>{93995380-89BD-4b04-88EB-625FBE52EBFB}</UniqueIdentifier>
      <Extensions>h;hh;hpp;hxx;hm;inl;inc;ipp;xsd</Extensions>
    </Filter>
    <Filter Include="리소스 파일">
      <UniqueIdentifier>{67DA6AB6-F800-4c08-8B7A-83BB121AAD01}</UniqueIdentifier>
      <Extensions>rc;ico;cur;bmp;dlg;rc2;rct;bin;rgs;gif;jpg;jpeg;jpe;resx;tiff;tif;png;wav;mfcribbon-ms</Extensions>
    </Filter>
  </ItemGroup>
  <ItemGroup>
    <ClCompile Include="1_변수와객체.cpp">
      <Filter>소스 파일</Filter>
    </ClCompile>
    <ClCompile Include="2_STL의3가지요소1.cpp">
      <Filter>소스 파일</Filter>
    </ClCompile>
    <ClCompile Include="2_STL의3가지요소2.cpp">
      <Filter>소스 파일</Filter>
    </ClCompile>
    <ClCompile Include="2_STL의3가지요소3.cpp">
      <Filter>소스 파일</Filter>
    </ClCompile>
    <ClCompile Include="3_iterator1.cpp">
      <Filter>소스 파일</Filter>
    </ClCompile>
    <ClCompile Include="3_iterator2.cpp">
      <Filter>소스 파일</Filter>
    </ClCompile>
    <ClCompile Include="3_iterator3.cpp">
      <Filter>소스 파일</Filter>
    </ClCompile>
    <ClCompile Include="4_CATEGORY1.cpp">
      <Filter>소스 파일</Filter>
    </ClCompile>
    <ClCompile Include="4_CATEGORY2.cpp">
      <Filter>소스 파일</Filter>
    </ClCompile>
    <ClCompile Include="4_CATEGORY3.cpp">
      <Filter>소스 파일</Filter>
    </ClCompile>
    <ClCompile Include="5_알고리즘1.cpp">
      <Filter>소스 파일</Filter>
    </ClCompile>
    <ClCompile Include="5_알고리즘2.cpp">
      <Filter>소스 파일</Filter>
    </ClCompile>
    <ClCompile Include="5_알고리즘3.cpp">
      <Filter>소스 파일</Filter>
    </ClCompile>
    <ClCompile Include="6_알고리즘과함수1.cpp">
      <Filter>소스 파일</Filter>
    </ClCompile>
    <ClCompile Include="6_알고리즘과함수2.cpp">
      <Filter>소스 파일</Filter>
    </ClCompile>
    <ClCompile Include="7_조건자.cpp">
      <Filter>소스 파일</Filter>
    </ClCompile>
    <ClCompile Include="8_람다표현식1.cpp">
      <Filter>소스 파일</Filter>
    </ClCompile>
    <ClCompile Include="8_람다표현식2.cpp">
      <Filter>소스 파일</Filter>
    </ClCompile>
    <ClCompile Include="8_람다표현식3.cpp">
      <Filter>소스 파일</Filter>
    </ClCompile>
    <ClCompile Include="8_람다표현식4.cpp">
      <Filter>소스 파일</Filter>
    </ClCompile>
    <ClCompile Include="9_알고리즘의4가지변형.cpp">
      <Filter>소스 파일</Filter>
    </ClCompile>
    <ClCompile Include="9_알고리즘의4가지변형2.cpp">
      <Filter>소스 파일</Filter>
    </ClCompile>
    <ClCompile Include="9_알고리즘의4가지변형3.cpp">
      <Filter>소스 파일</Filter>
    </ClCompile>
    <ClCompile Include="10_알고리즘과정책변경.cpp">
      <Filter>소스 파일</Filter>
    </ClCompile>
    <ClCompile Include="show만들기.cpp">
      <Filter>소스 파일</Filter>
    </ClCompile>
    <ClCompile Include="show만들기2.cpp">
      <Filter>소스 파일</Filter>
    </ClCompile>
    <ClCompile Include="4_1_reverse_iterator.cpp">
      <Filter>소스 파일</Filter>
    </ClCompile>
    <ClCompile Include="4_1_reverse_iterator2.cpp">
      <Filter>소스 파일</Filter>
    </ClCompile>
    <ClCompile Include="5_알고리즘4.cpp">
      <Filter>소스 파일</Filter>
    </ClCompile>
    <ClCompile Include="5_알고리즘5.cpp">
      <Filter>소스 파일</Filter>
    </ClCompile>
    <ClCompile Include="5_알고리즘6.cpp">
      <Filter>소스 파일</Filter>
    </ClCompile>
    <ClCompile Include="9_알고리즘의4가지변형4.cpp">
      <Filter>소스 파일</Filter>
    </ClCompile>
    <ClCompile Include="2일차 실습.cpp">
      <Filter>소스 파일</Filter>
    </ClCompile>
    <ClCompile Include="2일차실습2.cpp">
      <Filter>소스 파일</Filter>
    </ClCompile>
  </ItemGroup>
  <ItemGroup>
    <ClInclude Include="show.h">
      <Filter>헤더 파일</Filter>
    </ClInclude>
  </ItemGroup>
</Project>